// !$*UTF8*$!
{
	archiveVersion = 1;
	classes = {
	};
	objectVersion = 52;
	objects = {

/* Begin PBXBuildFile section */
		2B7B621D25EDA4A400279368 /* Streaming.swift in Sources */ = {isa = PBXBuildFile; fileRef = 2B7B621B25EDA4A400279368 /* Streaming.swift */; };
		2B7B621E25EDA4A400279368 /* Airplay.swift in Sources */ = {isa = PBXBuildFile; fileRef = 2B7B621C25EDA4A400279368 /* Airplay.swift */; };
		2BBBA1A225DEE7F00054D6F5 /* Top40App.swift in Sources */ = {isa = PBXBuildFile; fileRef = 2BBBA1A125DEE7F00054D6F5 /* Top40App.swift */; };
		2BBBA1A425DEE7F00054D6F5 /* ContentView.swift in Sources */ = {isa = PBXBuildFile; fileRef = 2BBBA1A325DEE7F00054D6F5 /* ContentView.swift */; };
		2BBBA1A625DEE7F10054D6F5 /* Assets.xcassets in Resources */ = {isa = PBXBuildFile; fileRef = 2BBBA1A525DEE7F10054D6F5 /* Assets.xcassets */; };
		2BBBA1A925DEE7F10054D6F5 /* Preview Assets.xcassets in Resources */ = {isa = PBXBuildFile; fileRef = 2BBBA1A825DEE7F10054D6F5 /* Preview Assets.xcassets */; };
		2BBBA1B825DF05870054D6F5 /* SwiftSoup in Frameworks */ = {isa = PBXBuildFile; productRef = 2BBBA1B725DF05870054D6F5 /* SwiftSoup */; };
		2BBBA1BB25DF0CFC0054D6F5 /* Top40Response.swift in Sources */ = {isa = PBXBuildFile; fileRef = 2BBBA1BA25DF0CFC0054D6F5 /* Top40Response.swift */; };
		2BBBA1C225DF13BA0054D6F5 /* ListView.swift in Sources */ = {isa = PBXBuildFile; fileRef = 2BBBA1C125DF13BA0054D6F5 /* ListView.swift */; };
		2BBBA1D225E00B280054D6F5 /* SF-Pro-Rounded-Medium.otf in Resources */ = {isa = PBXBuildFile; fileRef = 2BBBA1CC25E00B280054D6F5 /* SF-Pro-Rounded-Medium.otf */; };
		2BBBA1D325E00B280054D6F5 /* SF-Pro-Rounded-Regular.otf in Resources */ = {isa = PBXBuildFile; fileRef = 2BBBA1CD25E00B280054D6F5 /* SF-Pro-Rounded-Regular.otf */; };
		2BBBA1D425E00B280054D6F5 /* SF-Pro-Rounded-Bold.otf in Resources */ = {isa = PBXBuildFile; fileRef = 2BBBA1CE25E00B280054D6F5 /* SF-Pro-Rounded-Bold.otf */; };
		2BBBA1D525E00B280054D6F5 /* SF-Pro-Rounded-Light.otf in Resources */ = {isa = PBXBuildFile; fileRef = 2BBBA1CF25E00B280054D6F5 /* SF-Pro-Rounded-Light.otf */; };
		2BBBA1D625E00B280054D6F5 /* SF-Pro-Rounded-Semibold.otf in Resources */ = {isa = PBXBuildFile; fileRef = 2BBBA1D025E00B280054D6F5 /* SF-Pro-Rounded-Semibold.otf */; };
		2BBBA1D725E00B280054D6F5 /* SF-Pro-Rounded-Thin.otf in Resources */ = {isa = PBXBuildFile; fileRef = 2BBBA1D125E00B280054D6F5 /* SF-Pro-Rounded-Thin.otf */; };
		2BE6647825E8539700100BBB /* Top40List.swift in Sources */ = {isa = PBXBuildFile; fileRef = 2BE6647725E8539700100BBB /* Top40List.swift */; };
		2BE6647B25E853A900100BBB /* Top40News.swift in Sources */ = {isa = PBXBuildFile; fileRef = 2BE6647A25E853A900100BBB /* Top40News.swift */; };
		2BE6647F25E9458D00100BBB /* CategoriesView.swift in Sources */ = {isa = PBXBuildFile; fileRef = 2BE6647E25E9458D00100BBB /* CategoriesView.swift */; };
		2BE6648C25EBF6F200100BBB /* CategoryList.swift in Sources */ = {isa = PBXBuildFile; fileRef = 2BE6648B25EBF6F200100BBB /* CategoryList.swift */; };
		2BE6649025EBF7F200100BBB /* Tipparade.swift in Sources */ = {isa = PBXBuildFile; fileRef = 2BE6648F25EBF7F200100BBB /* Tipparade.swift */; };
		2BE6649325EBF82600100BBB /* Global.swift in Sources */ = {isa = PBXBuildFile; fileRef = 2BE6649225EBF82600100BBB /* Global.swift */; };
		2BE6649C25EBF85700100BBB /* Sterren.swift in Sources */ = {isa = PBXBuildFile; fileRef = 2BE6649B25EBF85700100BBB /* Sterren.swift */; };
		F457502325ED7DD70063400A /* PlayList.swift in Sources */ = {isa = PBXBuildFile; fileRef = F457502225ED7DD70063400A /* PlayList.swift */; };
		F457502525ED7F2E0063400A /* Top40.swift in Sources */ = {isa = PBXBuildFile; fileRef = F457502425ED7F2E0063400A /* Top40.swift */; };
		F457502725ED89380063400A /* Song.swift in Sources */ = {isa = PBXBuildFile; fileRef = F457502625ED89380063400A /* Song.swift */; };
/* End PBXBuildFile section */

/* Begin PBXFileReference section */
		2B7B621B25EDA4A400279368 /* Streaming.swift */ = {isa = PBXFileReference; fileEncoding = 4; lastKnownFileType = sourcecode.swift; path = Streaming.swift; sourceTree = "<group>"; };
		2B7B621C25EDA4A400279368 /* Airplay.swift */ = {isa = PBXFileReference; fileEncoding = 4; lastKnownFileType = sourcecode.swift; path = Airplay.swift; sourceTree = "<group>"; };
		2BBBA19E25DEE7F00054D6F5 /* Top40.app */ = {isa = PBXFileReference; explicitFileType = wrapper.application; includeInIndex = 0; path = Top40.app; sourceTree = BUILT_PRODUCTS_DIR; };
		2BBBA1A125DEE7F00054D6F5 /* Top40App.swift */ = {isa = PBXFileReference; lastKnownFileType = sourcecode.swift; path = Top40App.swift; sourceTree = "<group>"; };
		2BBBA1A325DEE7F00054D6F5 /* ContentView.swift */ = {isa = PBXFileReference; lastKnownFileType = sourcecode.swift; path = ContentView.swift; sourceTree = "<group>"; };
		2BBBA1A525DEE7F10054D6F5 /* Assets.xcassets */ = {isa = PBXFileReference; lastKnownFileType = folder.assetcatalog; path = Assets.xcassets; sourceTree = "<group>"; };
		2BBBA1A825DEE7F10054D6F5 /* Preview Assets.xcassets */ = {isa = PBXFileReference; lastKnownFileType = folder.assetcatalog; path = "Preview Assets.xcassets"; sourceTree = "<group>"; };
		2BBBA1AA25DEE7F10054D6F5 /* Info.plist */ = {isa = PBXFileReference; lastKnownFileType = text.plist.xml; path = Info.plist; sourceTree = "<group>"; };
		2BBBA1BA25DF0CFC0054D6F5 /* Top40Response.swift */ = {isa = PBXFileReference; lastKnownFileType = sourcecode.swift; path = Top40Response.swift; sourceTree = "<group>"; };
		2BBBA1C125DF13BA0054D6F5 /* ListView.swift */ = {isa = PBXFileReference; lastKnownFileType = sourcecode.swift; path = ListView.swift; sourceTree = "<group>"; };
		2BBBA1CC25E00B280054D6F5 /* SF-Pro-Rounded-Medium.otf */ = {isa = PBXFileReference; lastKnownFileType = file; path = "SF-Pro-Rounded-Medium.otf"; sourceTree = "<group>"; };
		2BBBA1CD25E00B280054D6F5 /* SF-Pro-Rounded-Regular.otf */ = {isa = PBXFileReference; lastKnownFileType = file; path = "SF-Pro-Rounded-Regular.otf"; sourceTree = "<group>"; };
		2BBBA1CE25E00B280054D6F5 /* SF-Pro-Rounded-Bold.otf */ = {isa = PBXFileReference; lastKnownFileType = file; path = "SF-Pro-Rounded-Bold.otf"; sourceTree = "<group>"; };
		2BBBA1CF25E00B280054D6F5 /* SF-Pro-Rounded-Light.otf */ = {isa = PBXFileReference; lastKnownFileType = file; path = "SF-Pro-Rounded-Light.otf"; sourceTree = "<group>"; };
		2BBBA1D025E00B280054D6F5 /* SF-Pro-Rounded-Semibold.otf */ = {isa = PBXFileReference; lastKnownFileType = file; path = "SF-Pro-Rounded-Semibold.otf"; sourceTree = "<group>"; };
		2BBBA1D125E00B280054D6F5 /* SF-Pro-Rounded-Thin.otf */ = {isa = PBXFileReference; lastKnownFileType = file; path = "SF-Pro-Rounded-Thin.otf"; sourceTree = "<group>"; };
		2BE6647725E8539700100BBB /* Top40List.swift */ = {isa = PBXFileReference; lastKnownFileType = sourcecode.swift; path = Top40List.swift; sourceTree = "<group>"; };
		2BE6647A25E853A900100BBB /* Top40News.swift */ = {isa = PBXFileReference; lastKnownFileType = sourcecode.swift; path = Top40News.swift; sourceTree = "<group>"; };
		2BE6647E25E9458D00100BBB /* CategoriesView.swift */ = {isa = PBXFileReference; lastKnownFileType = sourcecode.swift; path = CategoriesView.swift; sourceTree = "<group>"; };
		2BE6648B25EBF6F200100BBB /* CategoryList.swift */ = {isa = PBXFileReference; lastKnownFileType = sourcecode.swift; path = CategoryList.swift; sourceTree = "<group>"; };
		2BE6648F25EBF7F200100BBB /* Tipparade.swift */ = {isa = PBXFileReference; lastKnownFileType = sourcecode.swift; path = Tipparade.swift; sourceTree = "<group>"; };
		2BE6649225EBF82600100BBB /* Global.swift */ = {isa = PBXFileReference; lastKnownFileType = sourcecode.swift; path = Global.swift; sourceTree = "<group>"; };
		2BE6649B25EBF85700100BBB /* Sterren.swift */ = {isa = PBXFileReference; lastKnownFileType = sourcecode.swift; path = Sterren.swift; sourceTree = "<group>"; };
		F457502225ED7DD70063400A /* PlayList.swift */ = {isa = PBXFileReference; lastKnownFileType = sourcecode.swift; path = PlayList.swift; sourceTree = "<group>"; };
		F457502425ED7F2E0063400A /* Top40.swift */ = {isa = PBXFileReference; lastKnownFileType = sourcecode.swift; path = Top40.swift; sourceTree = "<group>"; };
		F457502625ED89380063400A /* Song.swift */ = {isa = PBXFileReference; lastKnownFileType = sourcecode.swift; path = Song.swift; sourceTree = "<group>"; };
/* End PBXFileReference section */

/* Begin PBXFrameworksBuildPhase section */
		2BBBA19B25DEE7F00054D6F5 /* Frameworks */ = {
			isa = PBXFrameworksBuildPhase;
			buildActionMask = 2147483647;
			files = (
				2BBBA1B825DF05870054D6F5 /* SwiftSoup in Frameworks */,
			);
			runOnlyForDeploymentPostprocessing = 0;
		};
/* End PBXFrameworksBuildPhase section */

/* Begin PBXGroup section */
		2BBBA19525DEE7F00054D6F5 = {
			isa = PBXGroup;
			children = (
				2BBBA1A025DEE7F00054D6F5 /* Top40 */,
				2BBBA1CB25E00B000054D6F5 /* Fonts */,
				2BBBA19F25DEE7F00054D6F5 /* Products */,
			);
			sourceTree = "<group>";
		};
		2BBBA19F25DEE7F00054D6F5 /* Products */ = {
			isa = PBXGroup;
			children = (
				2BBBA19E25DEE7F00054D6F5 /* Top40.app */,
			);
			name = Products;
			sourceTree = "<group>";
		};
		2BBBA1A025DEE7F00054D6F5 /* Top40 */ = {
			isa = PBXGroup;
			children = (
				F457502125ED7DC40063400A /* PlayList */,
				F457501E25ED75500063400A /* CategoryList */,
				2BE6647625E8535700100BBB /* Data */,
				2BBBA1C025DF13900054D6F5 /* Views */,
				2BBBA1BF25DF13740054D6F5 /* ViewModel */,
				2BBBA1A125DEE7F00054D6F5 /* Top40App.swift */,
				2BBBA1A525DEE7F10054D6F5 /* Assets.xcassets */,
				2BBBA1AA25DEE7F10054D6F5 /* Info.plist */,
				2BBBA1A725DEE7F10054D6F5 /* Preview Content */,
			);
			path = Top40;
			sourceTree = "<group>";
		};
		2BBBA1A725DEE7F10054D6F5 /* Preview Content */ = {
			isa = PBXGroup;
			children = (
				2BBBA1A825DEE7F10054D6F5 /* Preview Assets.xcassets */,
			);
			path = "Preview Content";
			sourceTree = "<group>";
		};
		2BBBA1BF25DF13740054D6F5 /* ViewModel */ = {
			isa = PBXGroup;
			children = (
				2BBBA1C125DF13BA0054D6F5 /* ListView.swift */,
			);
			path = ViewModel;
			sourceTree = "<group>";
		};
		2BBBA1C025DF13900054D6F5 /* Views */ = {
			isa = PBXGroup;
			children = (
				2BBBA1A325DEE7F00054D6F5 /* ContentView.swift */,
			);
			path = Views;
			sourceTree = "<group>";
		};
		2BBBA1CB25E00B000054D6F5 /* Fonts */ = {
			isa = PBXGroup;
			children = (
				2BBBA1CE25E00B280054D6F5 /* SF-Pro-Rounded-Bold.otf */,
				2BBBA1CF25E00B280054D6F5 /* SF-Pro-Rounded-Light.otf */,
				2BBBA1CC25E00B280054D6F5 /* SF-Pro-Rounded-Medium.otf */,
				2BBBA1CD25E00B280054D6F5 /* SF-Pro-Rounded-Regular.otf */,
				2BBBA1D025E00B280054D6F5 /* SF-Pro-Rounded-Semibold.otf */,
				2BBBA1D125E00B280054D6F5 /* SF-Pro-Rounded-Thin.otf */,
			);
			path = Fonts;
			sourceTree = "<group>";
		};
		2BE6647625E8535700100BBB /* Data */ = {
			isa = PBXGroup;
			children = (
				2BE6647A25E853A900100BBB /* Top40News.swift */,
				2B7B621C25EDA4A400279368 /* Airplay.swift */,
				2B7B621B25EDA4A400279368 /* Streaming.swift */,
				2BE6648F25EBF7F200100BBB /* Tipparade.swift */,
				2BE6649225EBF82600100BBB /* Global.swift */,
				2BE6649B25EBF85700100BBB /* Sterren.swift */,
			);
			path = Data;
			sourceTree = "<group>";
		};
		F457501E25ED75500063400A /* CategoryList */ = {
			isa = PBXGroup;
			children = (
				2BE6648B25EBF6F200100BBB /* CategoryList.swift */,
				2BE6647E25E9458D00100BBB /* CategoriesView.swift */,
			);
			path = CategoryList;
			sourceTree = "<group>";
		};
		F457502125ED7DC40063400A /* PlayList */ = {
			isa = PBXGroup;
			children = (
				F457502225ED7DD70063400A /* PlayList.swift */,
				2BBBA1BA25DF0CFC0054D6F5 /* Top40Response.swift */,
				2BE6647725E8539700100BBB /* Top40List.swift */,
				F457502425ED7F2E0063400A /* Top40.swift */,
				F457502625ED89380063400A /* Song.swift */,
			);
			path = PlayList;
			sourceTree = "<group>";
		};
/* End PBXGroup section */

/* Begin PBXNativeTarget section */
		2BBBA19D25DEE7F00054D6F5 /* Top40 */ = {
			isa = PBXNativeTarget;
			buildConfigurationList = 2BBBA1AD25DEE7F10054D6F5 /* Build configuration list for PBXNativeTarget "Top40" */;
			buildPhases = (
				2BBBA19A25DEE7F00054D6F5 /* Sources */,
				2BBBA19B25DEE7F00054D6F5 /* Frameworks */,
				2BBBA19C25DEE7F00054D6F5 /* Resources */,
			);
			buildRules = (
			);
			dependencies = (
			);
			name = Top40;
			packageProductDependencies = (
				2BBBA1B725DF05870054D6F5 /* SwiftSoup */,
			);
			productName = Top40;
			productReference = 2BBBA19E25DEE7F00054D6F5 /* Top40.app */;
			productType = "com.apple.product-type.application";
		};
/* End PBXNativeTarget section */

/* Begin PBXProject section */
		2BBBA19625DEE7F00054D6F5 /* Project object */ = {
			isa = PBXProject;
			attributes = {
				LastSwiftUpdateCheck = 1240;
				LastUpgradeCheck = 1240;
				TargetAttributes = {
					2BBBA19D25DEE7F00054D6F5 = {
						CreatedOnToolsVersion = 12.4;
					};
				};
			};
			buildConfigurationList = 2BBBA19925DEE7F00054D6F5 /* Build configuration list for PBXProject "Top40" */;
			compatibilityVersion = "Xcode 9.3";
			developmentRegion = en;
			hasScannedForEncodings = 0;
			knownRegions = (
				en,
				Base,
			);
			mainGroup = 2BBBA19525DEE7F00054D6F5;
			packageReferences = (
				2BBBA1B625DF05870054D6F5 /* XCRemoteSwiftPackageReference "SwiftSoup" */,
			);
			productRefGroup = 2BBBA19F25DEE7F00054D6F5 /* Products */;
			projectDirPath = "";
			projectRoot = "";
			targets = (
				2BBBA19D25DEE7F00054D6F5 /* Top40 */,
			);
		};
/* End PBXProject section */

/* Begin PBXResourcesBuildPhase section */
		2BBBA19C25DEE7F00054D6F5 /* Resources */ = {
			isa = PBXResourcesBuildPhase;
			buildActionMask = 2147483647;
			files = (
				2BBBA1D225E00B280054D6F5 /* SF-Pro-Rounded-Medium.otf in Resources */,
				2BBBA1D525E00B280054D6F5 /* SF-Pro-Rounded-Light.otf in Resources */,
				2BBBA1D325E00B280054D6F5 /* SF-Pro-Rounded-Regular.otf in Resources */,
				2BBBA1D725E00B280054D6F5 /* SF-Pro-Rounded-Thin.otf in Resources */,
				2BBBA1A925DEE7F10054D6F5 /* Preview Assets.xcassets in Resources */,
				2BBBA1A625DEE7F10054D6F5 /* Assets.xcassets in Resources */,
				2BBBA1D625E00B280054D6F5 /* SF-Pro-Rounded-Semibold.otf in Resources */,
				2BBBA1D425E00B280054D6F5 /* SF-Pro-Rounded-Bold.otf in Resources */,
			);
			runOnlyForDeploymentPostprocessing = 0;
		};
/* End PBXResourcesBuildPhase section */

/* Begin PBXSourcesBuildPhase section */
		2BBBA19A25DEE7F00054D6F5 /* Sources */ = {
			isa = PBXSourcesBuildPhase;
			buildActionMask = 2147483647;
			files = (
				2BE6649C25EBF85700100BBB /* Sterren.swift in Sources */,
				2BE6649025EBF7F200100BBB /* Tipparade.swift in Sources */,
				2BBBA1C225DF13BA0054D6F5 /* ListView.swift in Sources */,
				2BE6648C25EBF6F200100BBB /* CategoryList.swift in Sources */,
				F457502325ED7DD70063400A /* PlayList.swift in Sources */,
				2BE6647825E8539700100BBB /* Top40List.swift in Sources */,
				2BE6647F25E9458D00100BBB /* CategoriesView.swift in Sources */,
				2BE6647B25E853A900100BBB /* Top40News.swift in Sources */,
				2BBBA1A425DEE7F00054D6F5 /* ContentView.swift in Sources */,
				2BBBA1BB25DF0CFC0054D6F5 /* Top40Response.swift in Sources */,
				2B7B621E25EDA4A400279368 /* Airplay.swift in Sources */,
				2B7B621D25EDA4A400279368 /* Streaming.swift in Sources */,
				F457502725ED89380063400A /* Song.swift in Sources */,
				F457502525ED7F2E0063400A /* Top40.swift in Sources */,
				2BE6649325EBF82600100BBB /* Global.swift in Sources */,
				2BBBA1A225DEE7F00054D6F5 /* Top40App.swift in Sources */,
			);
			runOnlyForDeploymentPostprocessing = 0;
		};
/* End PBXSourcesBuildPhase section */

/* Begin XCBuildConfiguration section */
		2BBBA1AB25DEE7F10054D6F5 /* Debug */ = {
			isa = XCBuildConfiguration;
			buildSettings = {
				ALWAYS_SEARCH_USER_PATHS = NO;
				CLANG_ANALYZER_NONNULL = YES;
				CLANG_ANALYZER_NUMBER_OBJECT_CONVERSION = YES_AGGRESSIVE;
				CLANG_CXX_LANGUAGE_STANDARD = "gnu++14";
				CLANG_CXX_LIBRARY = "libc++";
				CLANG_ENABLE_MODULES = YES;
				CLANG_ENABLE_OBJC_ARC = YES;
				CLANG_ENABLE_OBJC_WEAK = YES;
				CLANG_WARN_BLOCK_CAPTURE_AUTORELEASING = YES;
				CLANG_WARN_BOOL_CONVERSION = YES;
				CLANG_WARN_COMMA = YES;
				CLANG_WARN_CONSTANT_CONVERSION = YES;
				CLANG_WARN_DEPRECATED_OBJC_IMPLEMENTATIONS = YES;
				CLANG_WARN_DIRECT_OBJC_ISA_USAGE = YES_ERROR;
				CLANG_WARN_DOCUMENTATION_COMMENTS = YES;
				CLANG_WARN_EMPTY_BODY = YES;
				CLANG_WARN_ENUM_CONVERSION = YES;
				CLANG_WARN_INFINITE_RECURSION = YES;
				CLANG_WARN_INT_CONVERSION = YES;
				CLANG_WARN_NON_LITERAL_NULL_CONVERSION = YES;
				CLANG_WARN_OBJC_IMPLICIT_RETAIN_SELF = YES;
				CLANG_WARN_OBJC_LITERAL_CONVERSION = YES;
				CLANG_WARN_OBJC_ROOT_CLASS = YES_ERROR;
				CLANG_WARN_QUOTED_INCLUDE_IN_FRAMEWORK_HEADER = YES;
				CLANG_WARN_RANGE_LOOP_ANALYSIS = YES;
				CLANG_WARN_STRICT_PROTOTYPES = YES;
				CLANG_WARN_SUSPICIOUS_MOVE = YES;
				CLANG_WARN_UNGUARDED_AVAILABILITY = YES_AGGRESSIVE;
				CLANG_WARN_UNREACHABLE_CODE = YES;
				CLANG_WARN__DUPLICATE_METHOD_MATCH = YES;
				COPY_PHASE_STRIP = NO;
				DEBUG_INFORMATION_FORMAT = dwarf;
				ENABLE_STRICT_OBJC_MSGSEND = YES;
				ENABLE_TESTABILITY = YES;
				GCC_C_LANGUAGE_STANDARD = gnu11;
				GCC_DYNAMIC_NO_PIC = NO;
				GCC_NO_COMMON_BLOCKS = YES;
				GCC_OPTIMIZATION_LEVEL = 0;
				GCC_PREPROCESSOR_DEFINITIONS = (
					"DEBUG=1",
					"$(inherited)",
				);
				GCC_WARN_64_TO_32_BIT_CONVERSION = YES;
				GCC_WARN_ABOUT_RETURN_TYPE = YES_ERROR;
				GCC_WARN_UNDECLARED_SELECTOR = YES;
				GCC_WARN_UNINITIALIZED_AUTOS = YES_AGGRESSIVE;
				GCC_WARN_UNUSED_FUNCTION = YES;
				GCC_WARN_UNUSED_VARIABLE = YES;
				IPHONEOS_DEPLOYMENT_TARGET = 14.4;
				MTL_ENABLE_DEBUG_INFO = INCLUDE_SOURCE;
				MTL_FAST_MATH = YES;
				ONLY_ACTIVE_ARCH = YES;
				SDKROOT = iphoneos;
				SWIFT_ACTIVE_COMPILATION_CONDITIONS = DEBUG;
				SWIFT_OPTIMIZATION_LEVEL = "-Onone";
			};
			name = Debug;
		};
		2BBBA1AC25DEE7F10054D6F5 /* Release */ = {
			isa = XCBuildConfiguration;
			buildSettings = {
				ALWAYS_SEARCH_USER_PATHS = NO;
				CLANG_ANALYZER_NONNULL = YES;
				CLANG_ANALYZER_NUMBER_OBJECT_CONVERSION = YES_AGGRESSIVE;
				CLANG_CXX_LANGUAGE_STANDARD = "gnu++14";
				CLANG_CXX_LIBRARY = "libc++";
				CLANG_ENABLE_MODULES = YES;
				CLANG_ENABLE_OBJC_ARC = YES;
				CLANG_ENABLE_OBJC_WEAK = YES;
				CLANG_WARN_BLOCK_CAPTURE_AUTORELEASING = YES;
				CLANG_WARN_BOOL_CONVERSION = YES;
				CLANG_WARN_COMMA = YES;
				CLANG_WARN_CONSTANT_CONVERSION = YES;
				CLANG_WARN_DEPRECATED_OBJC_IMPLEMENTATIONS = YES;
				CLANG_WARN_DIRECT_OBJC_ISA_USAGE = YES_ERROR;
				CLANG_WARN_DOCUMENTATION_COMMENTS = YES;
				CLANG_WARN_EMPTY_BODY = YES;
				CLANG_WARN_ENUM_CONVERSION = YES;
				CLANG_WARN_INFINITE_RECURSION = YES;
				CLANG_WARN_INT_CONVERSION = YES;
				CLANG_WARN_NON_LITERAL_NULL_CONVERSION = YES;
				CLANG_WARN_OBJC_IMPLICIT_RETAIN_SELF = YES;
				CLANG_WARN_OBJC_LITERAL_CONVERSION = YES;
				CLANG_WARN_OBJC_ROOT_CLASS = YES_ERROR;
				CLANG_WARN_QUOTED_INCLUDE_IN_FRAMEWORK_HEADER = YES;
				CLANG_WARN_RANGE_LOOP_ANALYSIS = YES;
				CLANG_WARN_STRICT_PROTOTYPES = YES;
				CLANG_WARN_SUSPICIOUS_MOVE = YES;
				CLANG_WARN_UNGUARDED_AVAILABILITY = YES_AGGRESSIVE;
				CLANG_WARN_UNREACHABLE_CODE = YES;
				CLANG_WARN__DUPLICATE_METHOD_MATCH = YES;
				COPY_PHASE_STRIP = NO;
				DEBUG_INFORMATION_FORMAT = "dwarf-with-dsym";
				ENABLE_NS_ASSERTIONS = NO;
				ENABLE_STRICT_OBJC_MSGSEND = YES;
				GCC_C_LANGUAGE_STANDARD = gnu11;
				GCC_NO_COMMON_BLOCKS = YES;
				GCC_WARN_64_TO_32_BIT_CONVERSION = YES;
				GCC_WARN_ABOUT_RETURN_TYPE = YES_ERROR;
				GCC_WARN_UNDECLARED_SELECTOR = YES;
				GCC_WARN_UNINITIALIZED_AUTOS = YES_AGGRESSIVE;
				GCC_WARN_UNUSED_FUNCTION = YES;
				GCC_WARN_UNUSED_VARIABLE = YES;
				IPHONEOS_DEPLOYMENT_TARGET = 14.4;
				MTL_ENABLE_DEBUG_INFO = NO;
				MTL_FAST_MATH = YES;
				SDKROOT = iphoneos;
				SWIFT_COMPILATION_MODE = wholemodule;
				SWIFT_OPTIMIZATION_LEVEL = "-O";
				VALIDATE_PRODUCT = YES;
			};
			name = Release;
		};
		2BBBA1AE25DEE7F10054D6F5 /* Debug */ = {
			isa = XCBuildConfiguration;
			buildSettings = {
				ASSETCATALOG_COMPILER_APPICON_NAME = AppIcon;
				ASSETCATALOG_COMPILER_GLOBAL_ACCENT_COLOR_NAME = AccentColor;
				CODE_SIGN_STYLE = Automatic;
				DEVELOPMENT_ASSET_PATHS = "\"Top40/Preview Content\"";
				DEVELOPMENT_TEAM = KB7MXFML57;
				ENABLE_PREVIEWS = YES;
				INFOPLIST_FILE = Top40/Info.plist;
				IPHONEOS_DEPLOYMENT_TARGET = 14.1;
				LD_RUNPATH_SEARCH_PATHS = (
					"$(inherited)",
					"@executable_path/Frameworks",
				);
				PRODUCT_BUNDLE_IDENTIFIER = PieterBikkel.Top40;
				PRODUCT_NAME = "$(TARGET_NAME)";
				SWIFT_VERSION = 5.0;
				TARGETED_DEVICE_FAMILY = "1,2";
			};
			name = Debug;
		};
		2BBBA1AF25DEE7F10054D6F5 /* Release */ = {
			isa = XCBuildConfiguration;
			buildSettings = {
				ASSETCATALOG_COMPILER_APPICON_NAME = AppIcon;
				ASSETCATALOG_COMPILER_GLOBAL_ACCENT_COLOR_NAME = AccentColor;
				CODE_SIGN_STYLE = Automatic;
				DEVELOPMENT_ASSET_PATHS = "\"Top40/Preview Content\"";
				DEVELOPMENT_TEAM = KB7MXFML57;
				ENABLE_PREVIEWS = YES;
				INFOPLIST_FILE = Top40/Info.plist;
				IPHONEOS_DEPLOYMENT_TARGET = 14.1;
				LD_RUNPATH_SEARCH_PATHS = (
					"$(inherited)",
					"@executable_path/Frameworks",
				);
				PRODUCT_BUNDLE_IDENTIFIER = PieterBikkel.Top40;
				PRODUCT_NAME = "$(TARGET_NAME)";
				SWIFT_VERSION = 5.0;
				TARGETED_DEVICE_FAMILY = "1,2";
			};
			name = Release;
		};
/* End XCBuildConfiguration section */

/* Begin XCConfigurationList section */
		2BBBA19925DEE7F00054D6F5 /* Build configuration list for PBXProject "Top40" */ = {
			isa = XCConfigurationList;
			buildConfigurations = (
				2BBBA1AB25DEE7F10054D6F5 /* Debug */,
				2BBBA1AC25DEE7F10054D6F5 /* Release */,
			);
			defaultConfigurationIsVisible = 0;
			defaultConfigurationName = Release;
		};
		2BBBA1AD25DEE7F10054D6F5 /* Build configuration list for PBXNativeTarget "Top40" */ = {
			isa = XCConfigurationList;
			buildConfigurations = (
				2BBBA1AE25DEE7F10054D6F5 /* Debug */,
				2BBBA1AF25DEE7F10054D6F5 /* Release */,
			);
			defaultConfigurationIsVisible = 0;
			defaultConfigurationName = Release;
		};
/* End XCConfigurationList section */

/* Begin XCRemoteSwiftPackageReference section */
		2BBBA1B625DF05870054D6F5 /* XCRemoteSwiftPackageReference "SwiftSoup" */ = {
			isa = XCRemoteSwiftPackageReference;
			repositoryURL = "https://github.com/scinfu/SwiftSoup.git";
			requirement = {
				kind = upToNextMajorVersion;
				minimumVersion = 2.3.2;
			};
		};
/* End XCRemoteSwiftPackageReference section */

/* Begin XCSwiftPackageProductDependency section */
		2BBBA1B725DF05870054D6F5 /* SwiftSoup */ = {
			isa = XCSwiftPackageProductDependency;
			package = 2BBBA1B625DF05870054D6F5 /* XCRemoteSwiftPackageReference "SwiftSoup" */;
			productName = SwiftSoup;
		};
/* End XCSwiftPackageProductDependency section */
	};
	rootObject = 2BBBA19625DEE7F00054D6F5 /* Project object */;
}
